github.com/emhl/hugo-dpsg v0.0.0-20250817112605-b11f6358f85f h1:oPP2zKtGWJ8CgH6B23zdWHIwOBidZuDar5oMY1b0tCM=
github.com/emhl/hugo-dpsg v0.0.0-20250817112605-b11f6358f85f/go.mod h1:M3DPv0Al0Dbn+GaE0wf9tYFh5ZKV8J5VsCZe9aFlVQ8=
github.com/emhl/hugo-photoswipe-gallery v0.0.0-20250327213430-a127dd620357 h1:XeyPEsJ3XFnuNWQ2yN1LquU85RxcIfVeVh5KJKIgu40=
github.com/emhl/hugo-photoswipe-gallery v0.0.0-20250327213430-a127dd620357/go.mod h1:D2JdS8A+7TW+ie6hbOM/imAXpzFBi4SvKDecw42v6x4=
